
Microsoft Visual Studio Solution File, Format Version 12.00
# Visual Studio Version 17
VisualStudioVersion = 17.11.35327.3
MinimumVisualStudioVersion = 10.0.40219.1
Project("{FAE04EC0-301F-11D3-BF4B-00C04F79EFBC}") = "MidTerm", "MidTerm.csproj", "{70E85B74-889B-4E27-BAD4-D1D827566402}"
EndProject
Global
	GlobalSection(SolutionConfigurationPlatforms) = preSolution
		Debug|Any CPU = Debug|Any CPU
		Release|Any CPU = Release|Any CPU
	EndGlobalSection
	GlobalSection(ProjectConfigurationPlatforms) = postSolution
		{70E85B74-889B-4E27-BAD4-D1D827566402}.Debug|Any CPU.ActiveCfg = Debug|Any CPU
		{70E85B74-889B-4E27-BAD4-D1D827566402}.Debug|Any CPU.Build.0 = Debug|Any CPU
		{70E85B74-889B-4E27-BAD4-D1D827566402}.Release|Any CPU.ActiveCfg = Release|Any CPU
		{70E85B74-889B-4E27-BAD4-D1D827566402}.Release|Any CPU.Build.0 = Release|Any CPU
	EndGlobalSection
	GlobalSection(SolutionProperties) = preSolution
		HideSolutionNode = FALSE
	EndGlobalSection
	GlobalSection(ExtensibilityGlobals) = postSolution
		SolutionGuid = {BC06C7D7-E5A3-4283-9872-39BE032BFA72}
	EndGlobalSection
EndGlobal
